
Microsoft Visual Studio Solution File, Format Version 12.00
# Visual Studio 15
VisualStudioVersion = 15.0.28307.705
MinimumVisualStudioVersion = 10.0.40219.1
Project("{FAE04EC0-301F-11D3-BF4B-00C04F79EFBC}") = "Copernico", "Copernico\Copernico.csproj", "{5F111F32-1291-4FC5-A861-D4F2289B3D21}"
EndProject
Project("{FAE04EC0-301F-11D3-BF4B-00C04F79EFBC}") = "Datos", "Datos\Datos.csproj", "{560C4CC6-FDA4-4149-863B-03AC8802D7A1}"
EndProject
Global
	GlobalSection(SolutionConfigurationPlatforms) = preSolution
		Debug|Any CPU = Debug|Any CPU
		Release|Any CPU = Release|Any CPU
	EndGlobalSection
	GlobalSection(ProjectConfigurationPlatforms) = postSolution
		{5F111F32-1291-4FC5-A861-D4F2289B3D21}.Debug|Any CPU.ActiveCfg = Debug|Any CPU
		{5F111F32-1291-4FC5-A861-D4F2289B3D21}.Debug|Any CPU.Build.0 = Debug|Any CPU
		{5F111F32-1291-4FC5-A861-D4F2289B3D21}.Release|Any CPU.ActiveCfg = Release|Any CPU
		{5F111F32-1291-4FC5-A861-D4F2289B3D21}.Release|Any CPU.Build.0 = Release|Any CPU
		{560C4CC6-FDA4-4149-863B-03AC8802D7A1}.Debug|Any CPU.ActiveCfg = Debug|Any CPU
		{560C4CC6-FDA4-4149-863B-03AC8802D7A1}.Debug|Any CPU.Build.0 = Debug|Any CPU
		{560C4CC6-FDA4-4149-863B-03AC8802D7A1}.Release|Any CPU.ActiveCfg = Release|Any CPU
		{560C4CC6-FDA4-4149-863B-03AC8802D7A1}.Release|Any CPU.Build.0 = Release|Any CPU
	EndGlobalSection
	GlobalSection(SolutionProperties) = preSolution
		HideSolutionNode = FALSE
	EndGlobalSection
	GlobalSection(ExtensibilityGlobals) = postSolution
		SolutionGuid = {FF502AF8-D036-495E-8464-A9DF306EBFB3}
	EndGlobalSection
EndGlobal
